github.com/Mobilpadde/characters/v2 v2.0.1 h1:QwWoRq+2NGwtjPOw3CdC6ihoxhXBTadcd6rfCZYkWak=
github.com/Mobilpadde/characters/v2 v2.0.1/go.mod h1:xtf+keaW8dGhUZwKlCRwIhWg12k6vdkg4jlHbBggxfo=
github.com/enescakir/emoji v1.0.0 h1:W+HsNql8swfCQFtioDGDHCHri8nudlK1n5p2rHCJoog=
github.com/enescakir/emoji v1.0.0/go.mod h1:Bt1EKuLnKDTYpLALApstIkAjdDrS/8IAgTkKp+WKFD0=
